
Microsoft Visual Studio Solution File, Format Version 12.00
# Visual Studio 15
VisualStudioVersion = 15.0.27428.2015
MinimumVisualStudioVersion = 10.0.40219.1
Project("{FAE04EC0-301F-11D3-BF4B-00C04F79EFBC}") = "Kinopoisk_top_250", "Kinopoisk_top_250\Kinopoisk_top_250.csproj", "{93559D64-2F7F-4E63-8F56-D2F803AC3DDC}"
EndProject
Global
	GlobalSection(SolutionConfigurationPlatforms) = preSolution
		Debug|Any CPU = Debug|Any CPU
		Release|Any CPU = Release|Any CPU
	EndGlobalSection
	GlobalSection(ProjectConfigurationPlatforms) = postSolution
		{93559D64-2F7F-4E63-8F56-D2F803AC3DDC}.Debug|Any CPU.ActiveCfg = Debug|Any CPU
		{93559D64-2F7F-4E63-8F56-D2F803AC3DDC}.Debug|Any CPU.Build.0 = Debug|Any CPU
		{93559D64-2F7F-4E63-8F56-D2F803AC3DDC}.Release|Any CPU.ActiveCfg = Release|Any CPU
		{93559D64-2F7F-4E63-8F56-D2F803AC3DDC}.Release|Any CPU.Build.0 = Release|Any CPU
	EndGlobalSection
	GlobalSection(SolutionProperties) = preSolution
		HideSolutionNode = FALSE
	EndGlobalSection
	GlobalSection(ExtensibilityGlobals) = postSolution
		SolutionGuid = {61ADE752-8B7A-4F37-8959-59EA69C9ADBA}
	EndGlobalSection
EndGlobal
